// !$*UTF8*$!
{
	archiveVersion = 1;
	classes = {
	};
	objectVersion = 77;
	objects = {

/* Begin PBXBuildFile section */
		097C3CA38EECC54AEB947A02 /* TomatoApp.swift in Sources */ = {isa = PBXBuildFile; fileRef = 27C7022D1197550E5344D1CC /* TomatoApp.swift */; };
		188F499E2A3D29BF8CF9BF10 /* ContentView.swift in Sources */ = {isa = PBXBuildFile; fileRef = 8C41FEF470A1073B52BBF148 /* ContentView.swift */; };
		3810C3EF43AA036AC8D96C1B /* Task.swift in Sources */ = {isa = PBXBuildFile; fileRef = 11104527307BDE0FC4F69EC8 /* Task.swift */; };
		3DCA5A3759A0C8D564AF4072 /* TaskStore.swift in Sources */ = {isa = PBXBuildFile; fileRef = 4664C60B44A0BAE4962E5EB9 /* TaskStore.swift */; };
		4772B774A23460E8F52DC842 /* FloatingWindowManager.swift in Sources */ = {isa = PBXBuildFile; fileRef = 48A277E12E39B16D4634B129 /* FloatingWindowManager.swift */; };
		772B6911789D9B590F4419C5 /* SettingsView.swift in Sources */ = {isa = PBXBuildFile; fileRef = E733954775EDA2A567E6927D /* SettingsView.swift */; };
		E9B7A40E181D4F181B14CAA7 /* Assets.xcassets in Resources */ = {isa = PBXBuildFile; fileRef = 38FB82111E6B4D55CB8DE1D9 /* Assets.xcassets */; };
/* End PBXBuildFile section */

/* Begin PBXFileReference section */
		11104527307BDE0FC4F69EC8 /* Task.swift */ = {isa = PBXFileReference; lastKnownFileType = sourcecode.swift; path = Task.swift; sourceTree = "<group>"; };
		27C7022D1197550E5344D1CC /* TomatoApp.swift */ = {isa = PBXFileReference; lastKnownFileType = sourcecode.swift; path = TomatoApp.swift; sourceTree = "<group>"; };
		38FB82111E6B4D55CB8DE1D9 /* Assets.xcassets */ = {isa = PBXFileReference; lastKnownFileType = folder.assetcatalog; path = Assets.xcassets; sourceTree = "<group>"; };
		4664C60B44A0BAE4962E5EB9 /* TaskStore.swift */ = {isa = PBXFileReference; lastKnownFileType = sourcecode.swift; path = TaskStore.swift; sourceTree = "<group>"; };
		48A277E12E39B16D4634B129 /* FloatingWindowManager.swift */ = {isa = PBXFileReference; lastKnownFileType = sourcecode.swift; path = FloatingWindowManager.swift; sourceTree = "<group>"; };
		8C41FEF470A1073B52BBF148 /* ContentView.swift */ = {isa = PBXFileReference; lastKnownFileType = sourcecode.swift; path = ContentView.swift; sourceTree = "<group>"; };
		C33E5C9DF1DAB8A9EFD36D5F /* Info.plist */ = {isa = PBXFileReference; lastKnownFileType = text.plist; path = Info.plist; sourceTree = "<group>"; };
		E261B81AFDB0B5988BB34B41 /* Tomato.app */ = {isa = PBXFileReference; explicitFileType = wrapper.application; includeInIndex = 0; path = Tomato.app; sourceTree = BUILT_PRODUCTS_DIR; };
		E733954775EDA2A567E6927D /* SettingsView.swift */ = {isa = PBXFileReference; lastKnownFileType = sourcecode.swift; path = SettingsView.swift; sourceTree = "<group>"; };
/* End PBXFileReference section */

/* Begin PBXGroup section */
		347D2DFE15C781DAD6E0BDA8 /* Products */ = {
			isa = PBXGroup;
			children = (
				E261B81AFDB0B5988BB34B41 /* Tomato.app */,
			);
			name = Products;
			sourceTree = "<group>";
		};
		514A15A1F2CE3B12FA45070B /* ViewModels */ = {
			isa = PBXGroup;
			children = (
				4664C60B44A0BAE4962E5EB9 /* TaskStore.swift */,
			);
			path = ViewModels;
			sourceTree = "<group>";
		};
		96A331BBEE1EC7510C5221F4 /* Resources */ = {
			isa = PBXGroup;
			children = (
				38FB82111E6B4D55CB8DE1D9 /* Assets.xcassets */,
				C33E5C9DF1DAB8A9EFD36D5F /* Info.plist */,
			);
			path = Resources;
			sourceTree = "<group>";
		};
		96E30FF292D3F674EAF0485B = {
			isa = PBXGroup;
			children = (
				C185721B2548F5F34E877449 /* Tomato */,
				347D2DFE15C781DAD6E0BDA8 /* Products */,
			);
			sourceTree = "<group>";
		};
		97D11E885168C02E9A3EAE67 /* Models */ = {
			isa = PBXGroup;
			children = (
				11104527307BDE0FC4F69EC8 /* Task.swift */,
			);
			path = Models;
			sourceTree = "<group>";
		};
		C185721B2548F5F34E877449 /* Tomato */ = {
			isa = PBXGroup;
			children = (
				27C7022D1197550E5344D1CC /* TomatoApp.swift */,
				97D11E885168C02E9A3EAE67 /* Models */,
				96A331BBEE1EC7510C5221F4 /* Resources */,
				514A15A1F2CE3B12FA45070B /* ViewModels */,
				D44B17E2A05DAE34E7E5B2BD /* Views */,
			);
			path = Tomato;
			sourceTree = "<group>";
		};
		D44B17E2A05DAE34E7E5B2BD /* Views */ = {
			isa = PBXGroup;
			children = (
				8C41FEF470A1073B52BBF148 /* ContentView.swift */,
				48A277E12E39B16D4634B129 /* FloatingWindowManager.swift */,
				E733954775EDA2A567E6927D /* SettingsView.swift */,
			);
			path = Views;
			sourceTree = "<group>";
		};
/* End PBXGroup section */

/* Begin PBXNativeTarget section */
		578A53E2F84142EDB759AFF3 /* Tomato */ = {
			isa = PBXNativeTarget;
			buildConfigurationList = CD83143D08A470322151C0D9 /* Build configuration list for PBXNativeTarget "Tomato" */;
			buildPhases = (
				45D3C4DA11CDDE74D93E2D3B /* Sources */,
				050013EF7B73D9A92EF10E65 /* Resources */,
			);
			buildRules = (
			);
			dependencies = (
			);
			name = Tomato;
			packageProductDependencies = (
			);
			productName = Tomato;
			productReference = E261B81AFDB0B5988BB34B41 /* Tomato.app */;
			productType = "com.apple.product-type.application";
		};
/* End PBXNativeTarget section */

/* Begin PBXProject section */
		AEA4A06E893C47D3FACF0AEB /* Project object */ = {
			isa = PBXProject;
			attributes = {
				BuildIndependentTargetsInParallel = YES;
				LastUpgradeCheck = 1500;
				TargetAttributes = {
					578A53E2F84142EDB759AFF3 = {
						DevelopmentTeam = "";
						ProvisioningStyle = Manual;
					};
				};
			};
			buildConfigurationList = 1CEC56500532D385A3CA1BB0 /* Build configuration list for PBXProject "Tomato" */;
			compatibilityVersion = "Xcode 14.0";
			developmentRegion = en;
			hasScannedForEncodings = 0;
			knownRegions = (
				Base,
				en,
			);
			mainGroup = 96E30FF292D3F674EAF0485B;
			minimizedProjectReferenceProxies = 1;
			preferredProjectObjectVersion = 77;
			projectDirPath = "";
			projectRoot = "";
			targets = (
				578A53E2F84142EDB759AFF3 /* Tomato */,
			);
		};
/* End PBXProject section */

/* Begin PBXResourcesBuildPhase section */
		050013EF7B73D9A92EF10E65 /* Resources */ = {
			isa = PBXResourcesBuildPhase;
			buildActionMask = 2147483647;
			files = (
				E9B7A40E181D4F181B14CAA7 /* Assets.xcassets in Resources */,
			);
			runOnlyForDeploymentPostprocessing = 0;
		};
/* End PBXResourcesBuildPhase section */

/* Begin PBXSourcesBuildPhase section */
		45D3C4DA11CDDE74D93E2D3B /* Sources */ = {
			isa = PBXSourcesBuildPhase;
			buildActionMask = 2147483647;
			files = (
				188F499E2A3D29BF8CF9BF10 /* ContentView.swift in Sources */,
				4772B774A23460E8F52DC842 /* FloatingWindowManager.swift in Sources */,
				772B6911789D9B590F4419C5 /* SettingsView.swift in Sources */,
				3810C3EF43AA036AC8D96C1B /* Task.swift in Sources */,
				3DCA5A3759A0C8D564AF4072 /* TaskStore.swift in Sources */,
				097C3CA38EECC54AEB947A02 /* TomatoApp.swift in Sources */,
			);
			runOnlyForDeploymentPostprocessing = 0;
		};
/* End PBXSourcesBuildPhase section */

/* Begin XCBuildConfiguration section */
		090B17B8193682E61BB9F8E1 /* Release */ = {
			isa = XCBuildConfiguration;
			buildSettings = {
				ASSETCATALOG_COMPILER_APPICON_NAME = AppIcon;
				CODE_SIGNING_ALLOWED = NO;
				CODE_SIGN_IDENTITY = "-";
				CODE_SIGN_STYLE = Manual;
				COMBINE_HIDPI_IMAGES = YES;
				DEVELOPMENT_TEAM = "";
				ENABLE_HARDENED_RUNTIME = NO;
				INFOPLIST_FILE = Tomato/Resources/Info.plist;
				LD_RUNPATH_SEARCH_PATHS = (
					"$(inherited)",
					"@executable_path/../Frameworks",
				);
				PRODUCT_BUNDLE_IDENTIFIER = com.tomato.app;
				PRODUCT_NAME = Tomato;
				SDKROOT = macosx;
			};
			name = Release;
		};
		12D4D64AEB30FC2591D59EEB /* Debug */ = {
			isa = XCBuildConfiguration;
			buildSettings = {
				ASSETCATALOG_COMPILER_APPICON_NAME = AppIcon;
				CODE_SIGNING_ALLOWED = NO;
				CODE_SIGN_IDENTITY = "-";
				CODE_SIGN_STYLE = Manual;
				COMBINE_HIDPI_IMAGES = YES;
				DEVELOPMENT_TEAM = "";
				ENABLE_HARDENED_RUNTIME = NO;
				INFOPLIST_FILE = Tomato/Resources/Info.plist;
				LD_RUNPATH_SEARCH_PATHS = (
					"$(inherited)",
					"@executable_path/../Frameworks",
				);
				PRODUCT_BUNDLE_IDENTIFIER = com.tomato.app;
				PRODUCT_NAME = Tomato;
				SDKROOT = macosx;
			};
			name = Debug;
		};
		5461760B42894ECD4428D44E /* Debug */ = {
			isa = XCBuildConfiguration;
			buildSettings = {
				ALWAYS_SEARCH_USER_PATHS = NO;
				CLANG_ANALYZER_NONNULL = YES;
				CLANG_ANALYZER_NUMBER_OBJECT_CONVERSION = YES_AGGRESSIVE;
				CLANG_CXX_LANGUAGE_STANDARD = "gnu++14";
				CLANG_CXX_LIBRARY = "libc++";
				CLANG_ENABLE_MODULES = YES;
				CLANG_ENABLE_OBJC_ARC = YES;
				CLANG_ENABLE_OBJC_WEAK = YES;
				CLANG_WARN_BLOCK_CAPTURE_AUTORELEASING = YES;
				CLANG_WARN_BOOL_CONVERSION = YES;
				CLANG_WARN_COMMA = YES;
				CLANG_WARN_CONSTANT_CONVERSION = YES;
				CLANG_WARN_DEPRECATED_OBJC_IMPLEMENTATIONS = YES;
				CLANG_WARN_DIRECT_OBJC_ISA_USAGE = YES_ERROR;
				CLANG_WARN_DOCUMENTATION_COMMENTS = YES;
				CLANG_WARN_EMPTY_BODY = YES;
				CLANG_WARN_ENUM_CONVERSION = YES;
				CLANG_WARN_INFINITE_RECURSION = YES;
				CLANG_WARN_INT_CONVERSION = YES;
				CLANG_WARN_NON_LITERAL_NULL_CONVERSION = YES;
				CLANG_WARN_OBJC_IMPLICIT_RETAIN_SELF = YES;
				CLANG_WARN_OBJC_LITERAL_CONVERSION = YES;
				CLANG_WARN_OBJC_ROOT_CLASS = YES_ERROR;
				CLANG_WARN_QUOTED_INCLUDE_IN_FRAMEWORK_HEADER = YES;
				CLANG_WARN_RANGE_LOOP_ANALYSIS = YES;
				CLANG_WARN_STRICT_PROTOTYPES = YES;
				CLANG_WARN_SUSPICIOUS_MOVE = YES;
				CLANG_WARN_UNGUARDED_AVAILABILITY = YES_AGGRESSIVE;
				CLANG_WARN_UNREACHABLE_CODE = YES;
				CLANG_WARN__DUPLICATE_METHOD_MATCH = YES;
				COPY_PHASE_STRIP = NO;
				DEBUG_INFORMATION_FORMAT = dwarf;
				ENABLE_STRICT_OBJC_MSGSEND = YES;
				ENABLE_TESTABILITY = YES;
				GCC_C_LANGUAGE_STANDARD = gnu11;
				GCC_DYNAMIC_NO_PIC = NO;
				GCC_NO_COMMON_BLOCKS = YES;
				GCC_OPTIMIZATION_LEVEL = 0;
				GCC_PREPROCESSOR_DEFINITIONS = (
					"$(inherited)",
					"DEBUG=1",
				);
				GCC_WARN_64_TO_32_BIT_CONVERSION = YES;
				GCC_WARN_ABOUT_RETURN_TYPE = YES_ERROR;
				GCC_WARN_UNDECLARED_SELECTOR = YES;
				GCC_WARN_UNINITIALIZED_AUTOS = YES_AGGRESSIVE;
				GCC_WARN_UNUSED_FUNCTION = YES;
				GCC_WARN_UNUSED_VARIABLE = YES;
				MACOSX_DEPLOYMENT_TARGET = 13.0;
				MTL_ENABLE_DEBUG_INFO = INCLUDE_SOURCE;
				MTL_FAST_MATH = YES;
				ONLY_ACTIVE_ARCH = YES;
				PRODUCT_NAME = "$(TARGET_NAME)";
				SDKROOT = macosx;
				SWIFT_ACTIVE_COMPILATION_CONDITIONS = DEBUG;
				SWIFT_OPTIMIZATION_LEVEL = "-Onone";
				SWIFT_VERSION = 5.9;
			};
			name = Debug;
		};
		DBBCED40954675A49649D42C /* Release */ = {
			isa = XCBuildConfiguration;
			buildSettings = {
				ALWAYS_SEARCH_USER_PATHS = NO;
				CLANG_ANALYZER_NONNULL = YES;
				CLANG_ANALYZER_NUMBER_OBJECT_CONVERSION = YES_AGGRESSIVE;
				CLANG_CXX_LANGUAGE_STANDARD = "gnu++14";
				CLANG_CXX_LIBRARY = "libc++";
				CLANG_ENABLE_MODULES = YES;
				CLANG_ENABLE_OBJC_ARC = YES;
				CLANG_ENABLE_OBJC_WEAK = YES;
				CLANG_WARN_BLOCK_CAPTURE_AUTORELEASING = YES;
				CLANG_WARN_BOOL_CONVERSION = YES;
				CLANG_WARN_COMMA = YES;
				CLANG_WARN_CONSTANT_CONVERSION = YES;
				CLANG_WARN_DEPRECATED_OBJC_IMPLEMENTATIONS = YES;
				CLANG_WARN_DIRECT_OBJC_ISA_USAGE = YES_ERROR;
				CLANG_WARN_DOCUMENTATION_COMMENTS = YES;
				CLANG_WARN_EMPTY_BODY = YES;
				CLANG_WARN_ENUM_CONVERSION = YES;
				CLANG_WARN_INFINITE_RECURSION = YES;
				CLANG_WARN_INT_CONVERSION = YES;
				CLANG_WARN_NON_LITERAL_NULL_CONVERSION = YES;
				CLANG_WARN_OBJC_IMPLICIT_RETAIN_SELF = YES;
				CLANG_WARN_OBJC_LITERAL_CONVERSION = YES;
				CLANG_WARN_OBJC_ROOT_CLASS = YES_ERROR;
				CLANG_WARN_QUOTED_INCLUDE_IN_FRAMEWORK_HEADER = YES;
				CLANG_WARN_RANGE_LOOP_ANALYSIS = YES;
				CLANG_WARN_STRICT_PROTOTYPES = YES;
				CLANG_WARN_SUSPICIOUS_MOVE = YES;
				CLANG_WARN_UNGUARDED_AVAILABILITY = YES_AGGRESSIVE;
				CLANG_WARN_UNREACHABLE_CODE = YES;
				CLANG_WARN__DUPLICATE_METHOD_MATCH = YES;
				COPY_PHASE_STRIP = NO;
				DEBUG_INFORMATION_FORMAT = "dwarf-with-dsym";
				ENABLE_NS_ASSERTIONS = NO;
				ENABLE_STRICT_OBJC_MSGSEND = YES;
				GCC_C_LANGUAGE_STANDARD = gnu11;
				GCC_NO_COMMON_BLOCKS = YES;
				GCC_WARN_64_TO_32_BIT_CONVERSION = YES;
				GCC_WARN_ABOUT_RETURN_TYPE = YES_ERROR;
				GCC_WARN_UNDECLARED_SELECTOR = YES;
				GCC_WARN_UNINITIALIZED_AUTOS = YES_AGGRESSIVE;
				GCC_WARN_UNUSED_FUNCTION = YES;
				GCC_WARN_UNUSED_VARIABLE = YES;
				MACOSX_DEPLOYMENT_TARGET = 13.0;
				MTL_ENABLE_DEBUG_INFO = NO;
				MTL_FAST_MATH = YES;
				PRODUCT_NAME = "$(TARGET_NAME)";
				SDKROOT = macosx;
				SWIFT_COMPILATION_MODE = wholemodule;
				SWIFT_OPTIMIZATION_LEVEL = "-O";
				SWIFT_VERSION = 5.9;
			};
			name = Release;
		};
/* End XCBuildConfiguration section */

/* Begin XCConfigurationList section */
		1CEC56500532D385A3CA1BB0 /* Build configuration list for PBXProject "Tomato" */ = {
			isa = XCConfigurationList;
			buildConfigurations = (
				5461760B42894ECD4428D44E /* Debug */,
				DBBCED40954675A49649D42C /* Release */,
			);
			defaultConfigurationIsVisible = 0;
			defaultConfigurationName = Debug;
		};
		CD83143D08A470322151C0D9 /* Build configuration list for PBXNativeTarget "Tomato" */ = {
			isa = XCConfigurationList;
			buildConfigurations = (
				12D4D64AEB30FC2591D59EEB /* Debug */,
				090B17B8193682E61BB9F8E1 /* Release */,
			);
			defaultConfigurationIsVisible = 0;
			defaultConfigurationName = Debug;
		};
/* End XCConfigurationList section */
	};
	rootObject = AEA4A06E893C47D3FACF0AEB /* Project object */;
}
