// !$*UTF8*$!
{
	archiveVersion = 1;
	classes = {
	};
	objectVersion = 77;
	objects = {

/* Begin PBXBuildFile section */
		097C3CA38EECC54AEB947A02 /* TomatoApp.swift in Sources */ = {isa = PBXBuildFile; fileRef = 27C7022D1197550E5344D1CC /* TomatoApp.swift */; };
		13185F44064327C47008EDAE /* ThemeSemanticsTests.swift in Sources */ = {isa = PBXBuildFile; fileRef = 9F070D24B12077B4BEBE8BBB /* ThemeSemanticsTests.swift */; };
		17AC7E48ED2F628268D15666 /* GlassComponents.swift in Sources */ = {isa = PBXBuildFile; fileRef = E6F8A7162523DC7C025C25B7 /* GlassComponents.swift */; };
		188F499E2A3D29BF8CF9BF10 /* ContentView.swift in Sources */ = {isa = PBXBuildFile; fileRef = 8C41FEF470A1073B52BBF148 /* ContentView.swift */; };
		21FC78AD9D0B994F8F194885 /* TimerProgressCalculator.swift in Sources */ = {isa = PBXBuildFile; fileRef = 93FA5288D02556641ABFB0F2 /* TimerProgressCalculator.swift */; };
		3810C3EF43AA036AC8D96C1B /* Task.swift in Sources */ = {isa = PBXBuildFile; fileRef = 11104527307BDE0FC4F69EC8 /* Task.swift */; };
		3DCA5A3759A0C8D564AF4072 /* TaskStore.swift in Sources */ = {isa = PBXBuildFile; fileRef = 4664C60B44A0BAE4962E5EB9 /* TaskStore.swift */; };
		41E464384A17DDD941C28B0D /* TimerProgressCalculatorTests.swift in Sources */ = {isa = PBXBuildFile; fileRef = FFFC93752F639DD102F75C7D /* TimerProgressCalculatorTests.swift */; };
		4772B774A23460E8F52DC842 /* FloatingWindowManager.swift in Sources */ = {isa = PBXBuildFile; fileRef = 48A277E12E39B16D4634B129 /* FloatingWindowManager.swift */; };
		772B6911789D9B590F4419C5 /* SettingsView.swift in Sources */ = {isa = PBXBuildFile; fileRef = E733954775EDA2A567E6927D /* SettingsView.swift */; };
		A91E2BC17EF53D4B632C9E34 /* TaskStoreThemeTests.swift in Sources */ = {isa = PBXBuildFile; fileRef = 3FCA29E1C9E91309EB56AB08 /* TaskStoreThemeTests.swift */; };
		AE5275D5B880A7FEB53D61D7 /* AppTheme.swift in Sources */ = {isa = PBXBuildFile; fileRef = 60D48CCF77E7D1A140DB48CE /* AppTheme.swift */; };
		C119C2548EF90B7905AFB191 /* ThemePreferencesTests.swift in Sources */ = {isa = PBXBuildFile; fileRef = 00F1E7990AF5EBDCA129A974 /* ThemePreferencesTests.swift */; };
		E9B7A40E181D4F181B14CAA7 /* Assets.xcassets in Resources */ = {isa = PBXBuildFile; fileRef = 38FB82111E6B4D55CB8DE1D9 /* Assets.xcassets */; };
/* End PBXBuildFile section */

/* Begin PBXContainerItemProxy section */
		20569D7DA77D1E1AB980019C /* PBXContainerItemProxy */ = {
			isa = PBXContainerItemProxy;
			containerPortal = AEA4A06E893C47D3FACF0AEB /* Project object */;
			proxyType = 1;
			remoteGlobalIDString = 578A53E2F84142EDB759AFF3;
			remoteInfo = Tomato;
		};
/* End PBXContainerItemProxy section */

/* Begin PBXFileReference section */
		00F1E7990AF5EBDCA129A974 /* ThemePreferencesTests.swift */ = {isa = PBXFileReference; lastKnownFileType = sourcecode.swift; path = ThemePreferencesTests.swift; sourceTree = "<group>"; };
		11104527307BDE0FC4F69EC8 /* Task.swift */ = {isa = PBXFileReference; lastKnownFileType = sourcecode.swift; path = Task.swift; sourceTree = "<group>"; };
		27C7022D1197550E5344D1CC /* TomatoApp.swift */ = {isa = PBXFileReference; lastKnownFileType = sourcecode.swift; path = TomatoApp.swift; sourceTree = "<group>"; };
		38FB82111E6B4D55CB8DE1D9 /* Assets.xcassets */ = {isa = PBXFileReference; lastKnownFileType = folder.assetcatalog; path = Assets.xcassets; sourceTree = "<group>"; };
		3FCA29E1C9E91309EB56AB08 /* TaskStoreThemeTests.swift */ = {isa = PBXFileReference; lastKnownFileType = sourcecode.swift; path = TaskStoreThemeTests.swift; sourceTree = "<group>"; };
		4664C60B44A0BAE4962E5EB9 /* TaskStore.swift */ = {isa = PBXFileReference; lastKnownFileType = sourcecode.swift; path = TaskStore.swift; sourceTree = "<group>"; };
		48A277E12E39B16D4634B129 /* FloatingWindowManager.swift */ = {isa = PBXFileReference; lastKnownFileType = sourcecode.swift; path = FloatingWindowManager.swift; sourceTree = "<group>"; };
		492441F178388EFAB36B5081 /* TomatoTests.xctest */ = {isa = PBXFileReference; explicitFileType = wrapper.cfbundle; includeInIndex = 0; path = TomatoTests.xctest; sourceTree = BUILT_PRODUCTS_DIR; };
		60D48CCF77E7D1A140DB48CE /* AppTheme.swift */ = {isa = PBXFileReference; lastKnownFileType = sourcecode.swift; path = AppTheme.swift; sourceTree = "<group>"; };
		8C41FEF470A1073B52BBF148 /* ContentView.swift */ = {isa = PBXFileReference; lastKnownFileType = sourcecode.swift; path = ContentView.swift; sourceTree = "<group>"; };
		93FA5288D02556641ABFB0F2 /* TimerProgressCalculator.swift */ = {isa = PBXFileReference; lastKnownFileType = sourcecode.swift; path = TimerProgressCalculator.swift; sourceTree = "<group>"; };
		9F070D24B12077B4BEBE8BBB /* ThemeSemanticsTests.swift */ = {isa = PBXFileReference; lastKnownFileType = sourcecode.swift; path = ThemeSemanticsTests.swift; sourceTree = "<group>"; };
		C33E5C9DF1DAB8A9EFD36D5F /* Info.plist */ = {isa = PBXFileReference; lastKnownFileType = text.plist; path = Info.plist; sourceTree = "<group>"; };
		E261B81AFDB0B5988BB34B41 /* Tomato.app */ = {isa = PBXFileReference; explicitFileType = wrapper.application; includeInIndex = 0; path = Tomato.app; sourceTree = BUILT_PRODUCTS_DIR; };
		E6F8A7162523DC7C025C25B7 /* GlassComponents.swift */ = {isa = PBXFileReference; lastKnownFileType = sourcecode.swift; path = GlassComponents.swift; sourceTree = "<group>"; };
		E733954775EDA2A567E6927D /* SettingsView.swift */ = {isa = PBXFileReference; lastKnownFileType = sourcecode.swift; path = SettingsView.swift; sourceTree = "<group>"; };
		FFFC93752F639DD102F75C7D /* TimerProgressCalculatorTests.swift */ = {isa = PBXFileReference; lastKnownFileType = sourcecode.swift; path = TimerProgressCalculatorTests.swift; sourceTree = "<group>"; };
/* End PBXFileReference section */

/* Begin PBXGroup section */
		0BE6EBA4868089510A37D62C /* Theme */ = {
			isa = PBXGroup;
			children = (
				60D48CCF77E7D1A140DB48CE /* AppTheme.swift */,
				E6F8A7162523DC7C025C25B7 /* GlassComponents.swift */,
				93FA5288D02556641ABFB0F2 /* TimerProgressCalculator.swift */,
			);
			path = Theme;
			sourceTree = "<group>";
		};
		347D2DFE15C781DAD6E0BDA8 /* Products */ = {
			isa = PBXGroup;
			children = (
				E261B81AFDB0B5988BB34B41 /* Tomato.app */,
				492441F178388EFAB36B5081 /* TomatoTests.xctest */,
			);
			name = Products;
			sourceTree = "<group>";
		};
		514A15A1F2CE3B12FA45070B /* ViewModels */ = {
			isa = PBXGroup;
			children = (
				4664C60B44A0BAE4962E5EB9 /* TaskStore.swift */,
			);
			path = ViewModels;
			sourceTree = "<group>";
		};
		6B9EE3138F0FA24142B40250 /* TomatoTests */ = {
			isa = PBXGroup;
			children = (
				3FCA29E1C9E91309EB56AB08 /* TaskStoreThemeTests.swift */,
				00F1E7990AF5EBDCA129A974 /* ThemePreferencesTests.swift */,
				9F070D24B12077B4BEBE8BBB /* ThemeSemanticsTests.swift */,
				FFFC93752F639DD102F75C7D /* TimerProgressCalculatorTests.swift */,
			);
			path = TomatoTests;
			sourceTree = "<group>";
		};
		96A331BBEE1EC7510C5221F4 /* Resources */ = {
			isa = PBXGroup;
			children = (
				38FB82111E6B4D55CB8DE1D9 /* Assets.xcassets */,
				C33E5C9DF1DAB8A9EFD36D5F /* Info.plist */,
			);
			path = Resources;
			sourceTree = "<group>";
		};
		96E30FF292D3F674EAF0485B = {
			isa = PBXGroup;
			children = (
				C185721B2548F5F34E877449 /* Tomato */,
				6B9EE3138F0FA24142B40250 /* TomatoTests */,
				347D2DFE15C781DAD6E0BDA8 /* Products */,
			);
			sourceTree = "<group>";
		};
		97D11E885168C02E9A3EAE67 /* Models */ = {
			isa = PBXGroup;
			children = (
				11104527307BDE0FC4F69EC8 /* Task.swift */,
			);
			path = Models;
			sourceTree = "<group>";
		};
		C185721B2548F5F34E877449 /* Tomato */ = {
			isa = PBXGroup;
			children = (
				27C7022D1197550E5344D1CC /* TomatoApp.swift */,
				97D11E885168C02E9A3EAE67 /* Models */,
				96A331BBEE1EC7510C5221F4 /* Resources */,
				0BE6EBA4868089510A37D62C /* Theme */,
				514A15A1F2CE3B12FA45070B /* ViewModels */,
				D44B17E2A05DAE34E7E5B2BD /* Views */,
			);
			path = Tomato;
			sourceTree = "<group>";
		};
		D44B17E2A05DAE34E7E5B2BD /* Views */ = {
			isa = PBXGroup;
			children = (
				8C41FEF470A1073B52BBF148 /* ContentView.swift */,
				48A277E12E39B16D4634B129 /* FloatingWindowManager.swift */,
				E733954775EDA2A567E6927D /* SettingsView.swift */,
			);
			path = Views;
			sourceTree = "<group>";
		};
/* End PBXGroup section */

/* Begin PBXNativeTarget section */
		578A53E2F84142EDB759AFF3 /* Tomato */ = {
			isa = PBXNativeTarget;
			buildConfigurationList = CD83143D08A470322151C0D9 /* Build configuration list for PBXNativeTarget "Tomato" */;
			buildPhases = (
				45D3C4DA11CDDE74D93E2D3B /* Sources */,
				050013EF7B73D9A92EF10E65 /* Resources */,
			);
			buildRules = (
			);
			dependencies = (
			);
			name = Tomato;
			packageProductDependencies = (
			);
			productName = Tomato;
			productReference = E261B81AFDB0B5988BB34B41 /* Tomato.app */;
			productType = "com.apple.product-type.application";
		};
		85040436F41B59F060561F9C /* TomatoTests */ = {
			isa = PBXNativeTarget;
			buildConfigurationList = C6E0FA2390BF8BACA5BD9E2B /* Build configuration list for PBXNativeTarget "TomatoTests" */;
			buildPhases = (
				469B9D223555070E605F4638 /* Sources */,
			);
			buildRules = (
			);
			dependencies = (
				23C7BA31DC42A493FD14C705 /* PBXTargetDependency */,
			);
			name = TomatoTests;
			packageProductDependencies = (
			);
			productName = TomatoTests;
			productReference = 492441F178388EFAB36B5081 /* TomatoTests.xctest */;
			productType = "com.apple.product-type.bundle.unit-test";
		};
/* End PBXNativeTarget section */

/* Begin PBXProject section */
		AEA4A06E893C47D3FACF0AEB /* Project object */ = {
			isa = PBXProject;
			attributes = {
				BuildIndependentTargetsInParallel = YES;
				LastUpgradeCheck = 1500;
				TargetAttributes = {
					578A53E2F84142EDB759AFF3 = {
						DevelopmentTeam = "";
						ProvisioningStyle = Manual;
					};
					85040436F41B59F060561F9C = {
						ProvisioningStyle = Automatic;
					};
				};
			};
			buildConfigurationList = 1CEC56500532D385A3CA1BB0 /* Build configuration list for PBXProject "Tomato" */;
			compatibilityVersion = "Xcode 14.0";
			developmentRegion = en;
			hasScannedForEncodings = 0;
			knownRegions = (
				Base,
				en,
			);
			mainGroup = 96E30FF292D3F674EAF0485B;
			minimizedProjectReferenceProxies = 1;
			preferredProjectObjectVersion = 77;
			projectDirPath = "";
			projectRoot = "";
			targets = (
				578A53E2F84142EDB759AFF3 /* Tomato */,
				85040436F41B59F060561F9C /* TomatoTests */,
			);
		};
/* End PBXProject section */

/* Begin PBXResourcesBuildPhase section */
		050013EF7B73D9A92EF10E65 /* Resources */ = {
			isa = PBXResourcesBuildPhase;
			buildActionMask = 2147483647;
			files = (
				E9B7A40E181D4F181B14CAA7 /* Assets.xcassets in Resources */,
			);
			runOnlyForDeploymentPostprocessing = 0;
		};
/* End PBXResourcesBuildPhase section */

/* Begin PBXSourcesBuildPhase section */
		45D3C4DA11CDDE74D93E2D3B /* Sources */ = {
			isa = PBXSourcesBuildPhase;
			buildActionMask = 2147483647;
			files = (
				AE5275D5B880A7FEB53D61D7 /* AppTheme.swift in Sources */,
				188F499E2A3D29BF8CF9BF10 /* ContentView.swift in Sources */,
				4772B774A23460E8F52DC842 /* FloatingWindowManager.swift in Sources */,
				17AC7E48ED2F628268D15666 /* GlassComponents.swift in Sources */,
				772B6911789D9B590F4419C5 /* SettingsView.swift in Sources */,
				3810C3EF43AA036AC8D96C1B /* Task.swift in Sources */,
				3DCA5A3759A0C8D564AF4072 /* TaskStore.swift in Sources */,
				21FC78AD9D0B994F8F194885 /* TimerProgressCalculator.swift in Sources */,
				097C3CA38EECC54AEB947A02 /* TomatoApp.swift in Sources */,
			);
			runOnlyForDeploymentPostprocessing = 0;
		};
		469B9D223555070E605F4638 /* Sources */ = {
			isa = PBXSourcesBuildPhase;
			buildActionMask = 2147483647;
			files = (
				A91E2BC17EF53D4B632C9E34 /* TaskStoreThemeTests.swift in Sources */,
				C119C2548EF90B7905AFB191 /* ThemePreferencesTests.swift in Sources */,
				13185F44064327C47008EDAE /* ThemeSemanticsTests.swift in Sources */,
				41E464384A17DDD941C28B0D /* TimerProgressCalculatorTests.swift in Sources */,
			);
			runOnlyForDeploymentPostprocessing = 0;
		};
/* End PBXSourcesBuildPhase section */

/* Begin PBXTargetDependency section */
		23C7BA31DC42A493FD14C705 /* PBXTargetDependency */ = {
			isa = PBXTargetDependency;
			target = 578A53E2F84142EDB759AFF3 /* Tomato */;
			targetProxy = 20569D7DA77D1E1AB980019C /* PBXContainerItemProxy */;
		};
/* End PBXTargetDependency section */

/* Begin XCBuildConfiguration section */
		090B17B8193682E61BB9F8E1 /* Release */ = {
			isa = XCBuildConfiguration;
			buildSettings = {
				ASSETCATALOG_COMPILER_APPICON_NAME = AppIcon;
				CODE_SIGNING_ALLOWED = NO;
				CODE_SIGN_IDENTITY = "-";
				CODE_SIGN_STYLE = Manual;
				COMBINE_HIDPI_IMAGES = YES;
				DEVELOPMENT_TEAM = "";
				ENABLE_HARDENED_RUNTIME = NO;
				INFOPLIST_FILE = Tomato/Resources/Info.plist;
				LD_RUNPATH_SEARCH_PATHS = (
					"$(inherited)",
					"@executable_path/../Frameworks",
				);
				PRODUCT_BUNDLE_IDENTIFIER = com.tomato.app;
				PRODUCT_NAME = Tomato;
				SDKROOT = macosx;
			};
			name = Release;
		};
		12D4D64AEB30FC2591D59EEB /* Debug */ = {
			isa = XCBuildConfiguration;
			buildSettings = {
				ASSETCATALOG_COMPILER_APPICON_NAME = AppIcon;
				CODE_SIGNING_ALLOWED = NO;
				CODE_SIGN_IDENTITY = "-";
				CODE_SIGN_STYLE = Manual;
				COMBINE_HIDPI_IMAGES = YES;
				DEVELOPMENT_TEAM = "";
				ENABLE_HARDENED_RUNTIME = NO;
				INFOPLIST_FILE = Tomato/Resources/Info.plist;
				LD_RUNPATH_SEARCH_PATHS = (
					"$(inherited)",
					"@executable_path/../Frameworks",
				);
				PRODUCT_BUNDLE_IDENTIFIER = com.tomato.app;
				PRODUCT_NAME = Tomato;
				SDKROOT = macosx;
			};
			name = Debug;
		};
		5461760B42894ECD4428D44E /* Debug */ = {
			isa = XCBuildConfiguration;
			buildSettings = {
				ALWAYS_SEARCH_USER_PATHS = NO;
				CLANG_ANALYZER_NONNULL = YES;
				CLANG_ANALYZER_NUMBER_OBJECT_CONVERSION = YES_AGGRESSIVE;
				CLANG_CXX_LANGUAGE_STANDARD = "gnu++14";
				CLANG_CXX_LIBRARY = "libc++";
				CLANG_ENABLE_MODULES = YES;
				CLANG_ENABLE_OBJC_ARC = YES;
				CLANG_ENABLE_OBJC_WEAK = YES;
				CLANG_WARN_BLOCK_CAPTURE_AUTORELEASING = YES;
				CLANG_WARN_BOOL_CONVERSION = YES;
				CLANG_WARN_COMMA = YES;
				CLANG_WARN_CONSTANT_CONVERSION = YES;
				CLANG_WARN_DEPRECATED_OBJC_IMPLEMENTATIONS = YES;
				CLANG_WARN_DIRECT_OBJC_ISA_USAGE = YES_ERROR;
				CLANG_WARN_DOCUMENTATION_COMMENTS = YES;
				CLANG_WARN_EMPTY_BODY = YES;
				CLANG_WARN_ENUM_CONVERSION = YES;
				CLANG_WARN_INFINITE_RECURSION = YES;
				CLANG_WARN_INT_CONVERSION = YES;
				CLANG_WARN_NON_LITERAL_NULL_CONVERSION = YES;
				CLANG_WARN_OBJC_IMPLICIT_RETAIN_SELF = YES;
				CLANG_WARN_OBJC_LITERAL_CONVERSION = YES;
				CLANG_WARN_OBJC_ROOT_CLASS = YES_ERROR;
				CLANG_WARN_QUOTED_INCLUDE_IN_FRAMEWORK_HEADER = YES;
				CLANG_WARN_RANGE_LOOP_ANALYSIS = YES;
				CLANG_WARN_STRICT_PROTOTYPES = YES;
				CLANG_WARN_SUSPICIOUS_MOVE = YES;
				CLANG_WARN_UNGUARDED_AVAILABILITY = YES_AGGRESSIVE;
				CLANG_WARN_UNREACHABLE_CODE = YES;
				CLANG_WARN__DUPLICATE_METHOD_MATCH = YES;
				COPY_PHASE_STRIP = NO;
				DEBUG_INFORMATION_FORMAT = dwarf;
				ENABLE_STRICT_OBJC_MSGSEND = YES;
				ENABLE_TESTABILITY = YES;
				GCC_C_LANGUAGE_STANDARD = gnu11;
				GCC_DYNAMIC_NO_PIC = NO;
				GCC_NO_COMMON_BLOCKS = YES;
				GCC_OPTIMIZATION_LEVEL = 0;
				GCC_PREPROCESSOR_DEFINITIONS = (
					"$(inherited)",
					"DEBUG=1",
				);
				GCC_WARN_64_TO_32_BIT_CONVERSION = YES;
				GCC_WARN_ABOUT_RETURN_TYPE = YES_ERROR;
				GCC_WARN_UNDECLARED_SELECTOR = YES;
				GCC_WARN_UNINITIALIZED_AUTOS = YES_AGGRESSIVE;
				GCC_WARN_UNUSED_FUNCTION = YES;
				GCC_WARN_UNUSED_VARIABLE = YES;
				MACOSX_DEPLOYMENT_TARGET = 13.0;
				MTL_ENABLE_DEBUG_INFO = INCLUDE_SOURCE;
				MTL_FAST_MATH = YES;
				ONLY_ACTIVE_ARCH = YES;
				PRODUCT_NAME = "$(TARGET_NAME)";
				SDKROOT = macosx;
				SWIFT_ACTIVE_COMPILATION_CONDITIONS = DEBUG;
				SWIFT_OPTIMIZATION_LEVEL = "-Onone";
				SWIFT_VERSION = 5.9;
			};
			name = Debug;
		};
		A00E8F979A4EEFDFFA2968F5 /* Release */ = {
			isa = XCBuildConfiguration;
			buildSettings = {
				BUNDLE_LOADER = "$(TEST_HOST)";
				CODE_SIGNING_ALLOWED = NO;
				CODE_SIGN_STYLE = Automatic;
				COMBINE_HIDPI_IMAGES = YES;
				GENERATE_INFOPLIST_FILE = YES;
				LD_RUNPATH_SEARCH_PATHS = (
					"$(inherited)",
					"@executable_path/../Frameworks",
					"@loader_path/../Frameworks",
				);
				PRODUCT_BUNDLE_IDENTIFIER = com.tomato.tests;
				SDKROOT = macosx;
				TEST_HOST = "$(BUILT_PRODUCTS_DIR)/Tomato.app/Contents/MacOS/Tomato";
			};
			name = Release;
		};
		C6EB3C4D3D32A52A5CCDB42A /* Debug */ = {
			isa = XCBuildConfiguration;
			buildSettings = {
				BUNDLE_LOADER = "$(TEST_HOST)";
				CODE_SIGNING_ALLOWED = NO;
				CODE_SIGN_STYLE = Automatic;
				COMBINE_HIDPI_IMAGES = YES;
				GENERATE_INFOPLIST_FILE = YES;
				LD_RUNPATH_SEARCH_PATHS = (
					"$(inherited)",
					"@executable_path/../Frameworks",
					"@loader_path/../Frameworks",
				);
				PRODUCT_BUNDLE_IDENTIFIER = com.tomato.tests;
				SDKROOT = macosx;
				TEST_HOST = "$(BUILT_PRODUCTS_DIR)/Tomato.app/Contents/MacOS/Tomato";
			};
			name = Debug;
		};
		DBBCED40954675A49649D42C /* Release */ = {
			isa = XCBuildConfiguration;
			buildSettings = {
				ALWAYS_SEARCH_USER_PATHS = NO;
				CLANG_ANALYZER_NONNULL = YES;
				CLANG_ANALYZER_NUMBER_OBJECT_CONVERSION = YES_AGGRESSIVE;
				CLANG_CXX_LANGUAGE_STANDARD = "gnu++14";
				CLANG_CXX_LIBRARY = "libc++";
				CLANG_ENABLE_MODULES = YES;
				CLANG_ENABLE_OBJC_ARC = YES;
				CLANG_ENABLE_OBJC_WEAK = YES;
				CLANG_WARN_BLOCK_CAPTURE_AUTORELEASING = YES;
				CLANG_WARN_BOOL_CONVERSION = YES;
				CLANG_WARN_COMMA = YES;
				CLANG_WARN_CONSTANT_CONVERSION = YES;
				CLANG_WARN_DEPRECATED_OBJC_IMPLEMENTATIONS = YES;
				CLANG_WARN_DIRECT_OBJC_ISA_USAGE = YES_ERROR;
				CLANG_WARN_DOCUMENTATION_COMMENTS = YES;
				CLANG_WARN_EMPTY_BODY = YES;
				CLANG_WARN_ENUM_CONVERSION = YES;
				CLANG_WARN_INFINITE_RECURSION = YES;
				CLANG_WARN_INT_CONVERSION = YES;
				CLANG_WARN_NON_LITERAL_NULL_CONVERSION = YES;
				CLANG_WARN_OBJC_IMPLICIT_RETAIN_SELF = YES;
				CLANG_WARN_OBJC_LITERAL_CONVERSION = YES;
				CLANG_WARN_OBJC_ROOT_CLASS = YES_ERROR;
				CLANG_WARN_QUOTED_INCLUDE_IN_FRAMEWORK_HEADER = YES;
				CLANG_WARN_RANGE_LOOP_ANALYSIS = YES;
				CLANG_WARN_STRICT_PROTOTYPES = YES;
				CLANG_WARN_SUSPICIOUS_MOVE = YES;
				CLANG_WARN_UNGUARDED_AVAILABILITY = YES_AGGRESSIVE;
				CLANG_WARN_UNREACHABLE_CODE = YES;
				CLANG_WARN__DUPLICATE_METHOD_MATCH = YES;
				COPY_PHASE_STRIP = NO;
				DEBUG_INFORMATION_FORMAT = "dwarf-with-dsym";
				ENABLE_NS_ASSERTIONS = NO;
				ENABLE_STRICT_OBJC_MSGSEND = YES;
				GCC_C_LANGUAGE_STANDARD = gnu11;
				GCC_NO_COMMON_BLOCKS = YES;
				GCC_WARN_64_TO_32_BIT_CONVERSION = YES;
				GCC_WARN_ABOUT_RETURN_TYPE = YES_ERROR;
				GCC_WARN_UNDECLARED_SELECTOR = YES;
				GCC_WARN_UNINITIALIZED_AUTOS = YES_AGGRESSIVE;
				GCC_WARN_UNUSED_FUNCTION = YES;
				GCC_WARN_UNUSED_VARIABLE = YES;
				MACOSX_DEPLOYMENT_TARGET = 13.0;
				MTL_ENABLE_DEBUG_INFO = NO;
				MTL_FAST_MATH = YES;
				PRODUCT_NAME = "$(TARGET_NAME)";
				SDKROOT = macosx;
				SWIFT_COMPILATION_MODE = wholemodule;
				SWIFT_OPTIMIZATION_LEVEL = "-O";
				SWIFT_VERSION = 5.9;
			};
			name = Release;
		};
/* End XCBuildConfiguration section */

/* Begin XCConfigurationList section */
		1CEC56500532D385A3CA1BB0 /* Build configuration list for PBXProject "Tomato" */ = {
			isa = XCConfigurationList;
			buildConfigurations = (
				5461760B42894ECD4428D44E /* Debug */,
				DBBCED40954675A49649D42C /* Release */,
			);
			defaultConfigurationIsVisible = 0;
			defaultConfigurationName = Debug;
		};
		C6E0FA2390BF8BACA5BD9E2B /* Build configuration list for PBXNativeTarget "TomatoTests" */ = {
			isa = XCConfigurationList;
			buildConfigurations = (
				C6EB3C4D3D32A52A5CCDB42A /* Debug */,
				A00E8F979A4EEFDFFA2968F5 /* Release */,
			);
			defaultConfigurationIsVisible = 0;
			defaultConfigurationName = Debug;
		};
		CD83143D08A470322151C0D9 /* Build configuration list for PBXNativeTarget "Tomato" */ = {
			isa = XCConfigurationList;
			buildConfigurations = (
				12D4D64AEB30FC2591D59EEB /* Debug */,
				090B17B8193682E61BB9F8E1 /* Release */,
			);
			defaultConfigurationIsVisible = 0;
			defaultConfigurationName = Debug;
		};
/* End XCConfigurationList section */
	};
	rootObject = AEA4A06E893C47D3FACF0AEB /* Project object */;
}
